// !$*UTF8*$!
{
	archiveVersion = 1;
	classes = {
	};
	objectVersion = 77;
	objects = {

/* Begin PBXBuildFile section */
		C93853A92F34F6CF00C5A27E /* Supabase in Frameworks */ = {isa = PBXBuildFile; productRef = SUPABASE00022F35000000000004 /* Supabase */; };
		C93853AA2F34F6CF00C5A27E /* RevenueCat in Frameworks */ = {isa = PBXBuildFile; productRef = REVENUECAT022F35000000000005 /* RevenueCat */; };
		C93853AB2F34F6CF00C5A27E /* Sentry in Frameworks */ = {isa = PBXBuildFile; productRef = SENTRY0000022F35000000000006 /* Sentry */; };
/* End PBXBuildFile section */

/* Begin PBXContainerItemProxy section */
		C9174F992F35B9C200CF7AB2 /* PBXContainerItemProxy */ = {
			isa = PBXContainerItemProxy;
			containerPortal = C93853872F34E29200C5A27E /* Project object */;
			proxyType = 1;
			remoteGlobalIDString = C938538E2F34E29200C5A27E;
			remoteInfo = CoachMe;
		};
		C9174FA82F35BA8000CF7AB2 /* PBXContainerItemProxy */ = {
			isa = PBXContainerItemProxy;
			containerPortal = C93853872F34E29200C5A27E /* Project object */;
			proxyType = 1;
			remoteGlobalIDString = C938538E2F34E29200C5A27E;
			remoteInfo = CoachMe;
		};
/* End PBXContainerItemProxy section */

/* Begin PBXFileReference section */
		C9174F952F35B9C200CF7AB2 /* CoachMeTests.xctest */ = {isa = PBXFileReference; explicitFileType = wrapper.cfbundle; includeInIndex = 0; path = CoachMeTests.xctest; sourceTree = BUILT_PRODUCTS_DIR; };
		C9174FA22F35BA8000CF7AB2 /* CoachMeUITests.xctest */ = {isa = PBXFileReference; explicitFileType = wrapper.cfbundle; includeInIndex = 0; path = CoachMeUITests.xctest; sourceTree = BUILT_PRODUCTS_DIR; };
		C938538F2F34E29200C5A27E /* CoachMe.app */ = {isa = PBXFileReference; explicitFileType = wrapper.application; includeInIndex = 0; path = CoachMe.app; sourceTree = BUILT_PRODUCTS_DIR; };
		C9CFD00A2F50A00100000001 /* Debug.xcconfig */ = {isa = PBXFileReference; lastKnownFileType = text.xcconfig; path = Debug.xcconfig; sourceTree = "<group>"; };
		C9CFD00B2F50A00100000002 /* Release.xcconfig */ = {isa = PBXFileReference; lastKnownFileType = text.xcconfig; path = Release.xcconfig; sourceTree = "<group>"; };
/* End PBXFileReference section */

/* Begin PBXFileSystemSynchronizedRootGroup section */
		C9174F962F35B9C200CF7AB2 /* CoachMeTests */ = {
			isa = PBXFileSystemSynchronizedRootGroup;
			path = CoachMeTests;
			sourceTree = "<group>";
		};
		C9174FA32F35BA8000CF7AB2 /* CoachMeUITests */ = {
			isa = PBXFileSystemSynchronizedRootGroup;
			path = CoachMeUITests;
			sourceTree = "<group>";
		};
		C93853912F34E29200C5A27E /* CoachMe */ = {
			isa = PBXFileSystemSynchronizedRootGroup;
			path = CoachMe;
			sourceTree = "<group>";
		};
/* End PBXFileSystemSynchronizedRootGroup section */

/* Begin PBXFrameworksBuildPhase section */
		C9174F922F35B9C200CF7AB2 /* Frameworks */ = {
			isa = PBXFrameworksBuildPhase;
			buildActionMask = 2147483647;
			files = (
			);
			runOnlyForDeploymentPostprocessing = 0;
		};
		C9174F9F2F35BA8000CF7AB2 /* Frameworks */ = {
			isa = PBXFrameworksBuildPhase;
			buildActionMask = 2147483647;
			files = (
			);
			runOnlyForDeploymentPostprocessing = 0;
		};
		C938538C2F34E29200C5A27E /* Frameworks */ = {
			isa = PBXFrameworksBuildPhase;
			buildActionMask = 2147483647;
			files = (
				C93853AB2F34F6CF00C5A27E /* Sentry in Frameworks */,
				C93853AA2F34F6CF00C5A27E /* RevenueCat in Frameworks */,
				C93853A92F34F6CF00C5A27E /* Supabase in Frameworks */,
			);
			runOnlyForDeploymentPostprocessing = 0;
		};
/* End PBXFrameworksBuildPhase section */

/* Begin PBXGroup section */
		C93853862F34E29200C5A27E = {
			isa = PBXGroup;
			children = (
				C9CFD00A2F50A00100000001 /* Debug.xcconfig */,
				C9CFD00B2F50A00100000002 /* Release.xcconfig */,
				C93853912F34E29200C5A27E /* CoachMe */,
				C9174F962F35B9C200CF7AB2 /* CoachMeTests */,
				C9174FA32F35BA8000CF7AB2 /* CoachMeUITests */,
				C93853902F34E29200C5A27E /* Products */,
			);
			sourceTree = "<group>";
		};
		C93853902F34E29200C5A27E /* Products */ = {
			isa = PBXGroup;
			children = (
				C938538F2F34E29200C5A27E /* CoachMe.app */,
				C9174F952F35B9C200CF7AB2 /* CoachMeTests.xctest */,
				C9174FA22F35BA8000CF7AB2 /* CoachMeUITests.xctest */,
			);
			name = Products;
			sourceTree = "<group>";
		};
/* End PBXGroup section */

/* Begin PBXNativeTarget section */
		C9174F942F35B9C200CF7AB2 /* CoachMeTests */ = {
			isa = PBXNativeTarget;
			buildConfigurationList = C9174F9B2F35B9C200CF7AB2 /* Build configuration list for PBXNativeTarget "CoachMeTests" */;
			buildPhases = (
				C9174F912F35B9C200CF7AB2 /* Sources */,
				C9174F922F35B9C200CF7AB2 /* Frameworks */,
				C9174F932F35B9C200CF7AB2 /* Resources */,
			);
			buildRules = (
			);
			dependencies = (
				C9174F9A2F35B9C200CF7AB2 /* PBXTargetDependency */,
			);
			fileSystemSynchronizedGroups = (
				C9174F962F35B9C200CF7AB2 /* CoachMeTests */,
			);
			name = CoachMeTests;
			packageProductDependencies = (
			);
			productName = CoachMeTests;
			productReference = C9174F952F35B9C200CF7AB2 /* CoachMeTests.xctest */;
			productType = "com.apple.product-type.bundle.unit-test";
		};
		C9174FA12F35BA8000CF7AB2 /* CoachMeUITests */ = {
			isa = PBXNativeTarget;
			buildConfigurationList = C9174FAA2F35BA8000CF7AB2 /* Build configuration list for PBXNativeTarget "CoachMeUITests" */;
			buildPhases = (
				C9174F9E2F35BA8000CF7AB2 /* Sources */,
				C9174F9F2F35BA8000CF7AB2 /* Frameworks */,
				C9174FA02F35BA8000CF7AB2 /* Resources */,
			);
			buildRules = (
			);
			dependencies = (
				C9174FA92F35BA8000CF7AB2 /* PBXTargetDependency */,
			);
			fileSystemSynchronizedGroups = (
				C9174FA32F35BA8000CF7AB2 /* CoachMeUITests */,
			);
			name = CoachMeUITests;
			packageProductDependencies = (
			);
			productName = CoachMeUITests;
			productReference = C9174FA22F35BA8000CF7AB2 /* CoachMeUITests.xctest */;
			productType = "com.apple.product-type.bundle.ui-testing";
		};
		C938538E2F34E29200C5A27E /* CoachMe */ = {
			isa = PBXNativeTarget;
			buildConfigurationList = C938539A2F34E29600C5A27E /* Build configuration list for PBXNativeTarget "CoachMe" */;
			buildPhases = (
				C932DCF02F50B00100C5A27E /* Sync Domain Configs */,
				C938538B2F34E29200C5A27E /* Sources */,
				C938538C2F34E29200C5A27E /* Frameworks */,
				C938538D2F34E29200C5A27E /* Resources */,
			);
			buildRules = (
			);
			dependencies = (
			);
			fileSystemSynchronizedGroups = (
				C93853912F34E29200C5A27E /* CoachMe */,
			);
			name = CoachMe;
			packageProductDependencies = (
				SUPABASE00022F35000000000004 /* Supabase */,
				REVENUECAT022F35000000000005 /* RevenueCat */,
				SENTRY0000022F35000000000006 /* Sentry */,
			);
			productName = CoachMe;
			productReference = C938538F2F34E29200C5A27E /* CoachMe.app */;
			productType = "com.apple.product-type.application";
		};
/* End PBXNativeTarget section */

/* Begin PBXProject section */
		C93853872F34E29200C5A27E /* Project object */ = {
			isa = PBXProject;
			attributes = {
				BuildIndependentTargetsInParallel = 1;
				LastSwiftUpdateCheck = 2620;
				LastUpgradeCheck = 2620;
				TargetAttributes = {
					C9174F942F35B9C200CF7AB2 = {
						CreatedOnToolsVersion = 26.2;
						TestTargetID = C938538E2F34E29200C5A27E;
					};
					C9174FA12F35BA8000CF7AB2 = {
						CreatedOnToolsVersion = 26.2;
						TestTargetID = C938538E2F34E29200C5A27E;
					};
					C938538E2F34E29200C5A27E = {
						CreatedOnToolsVersion = 26.2;
					};
				};
			};
			buildConfigurationList = C938538A2F34E29200C5A27E /* Build configuration list for PBXProject "CoachMe" */;
			developmentRegion = en;
			hasScannedForEncodings = 0;
			knownRegions = (
				en,
				Base,
			);
			mainGroup = C93853862F34E29200C5A27E;
			minimizedProjectReferenceProxies = 1;
			packageReferences = (
				SUPABASE00012F35000000000001 /* XCRemoteSwiftPackageReference "supabase-swift" */,
				REVENUECAT012F35000000000002 /* XCRemoteSwiftPackageReference "purchases-ios" */,
				SENTRY0000012F35000000000003 /* XCRemoteSwiftPackageReference "sentry-cocoa" */,
			);
			preferredProjectObjectVersion = 77;
			productRefGroup = C93853902F34E29200C5A27E /* Products */;
			projectDirPath = "";
			projectRoot = "";
			targets = (
				C938538E2F34E29200C5A27E /* CoachMe */,
				C9174F942F35B9C200CF7AB2 /* CoachMeTests */,
				C9174FA12F35BA8000CF7AB2 /* CoachMeUITests */,
			);
		};
/* End PBXProject section */

/* Begin PBXResourcesBuildPhase section */
		C9174F932F35B9C200CF7AB2 /* Resources */ = {
			isa = PBXResourcesBuildPhase;
			buildActionMask = 2147483647;
			files = (
			);
			runOnlyForDeploymentPostprocessing = 0;
		};
		C9174FA02F35BA8000CF7AB2 /* Resources */ = {
			isa = PBXResourcesBuildPhase;
			buildActionMask = 2147483647;
			files = (
			);
			runOnlyForDeploymentPostprocessing = 0;
		};
		C938538D2F34E29200C5A27E /* Resources */ = {
			isa = PBXResourcesBuildPhase;
			buildActionMask = 2147483647;
			files = (
			);
			runOnlyForDeploymentPostprocessing = 0;
		};
/* End PBXResourcesBuildPhase section */

/* Begin PBXShellScriptBuildPhase section */
		C932DCF02F50B00100C5A27E /* Sync Domain Configs */ = {
			isa = PBXShellScriptBuildPhase;
			buildActionMask = 2147483647;
			files = (
			);
			inputPaths = (
			);
			name = "Sync Domain Configs";
			outputPaths = (
			);
			runOnlyForDeploymentPostprocessing = 0;
			shellPath = /bin/bash;
			shellScript = "\"${PROJECT_DIR}/../scripts/sync-domain-configs.sh\"\n";
		};
/* End PBXShellScriptBuildPhase section */

/* Begin PBXSourcesBuildPhase section */
		C9174F912F35B9C200CF7AB2 /* Sources */ = {
			isa = PBXSourcesBuildPhase;
			buildActionMask = 2147483647;
			files = (
			);
			runOnlyForDeploymentPostprocessing = 0;
		};
		C9174F9E2F35BA8000CF7AB2 /* Sources */ = {
			isa = PBXSourcesBuildPhase;
			buildActionMask = 2147483647;
			files = (
			);
			runOnlyForDeploymentPostprocessing = 0;
		};
		C938538B2F34E29200C5A27E /* Sources */ = {
			isa = PBXSourcesBuildPhase;
			buildActionMask = 2147483647;
			files = (
			);
			runOnlyForDeploymentPostprocessing = 0;
		};
/* End PBXSourcesBuildPhase section */

/* Begin PBXTargetDependency section */
		C9174F9A2F35B9C200CF7AB2 /* PBXTargetDependency */ = {
			isa = PBXTargetDependency;
			target = C938538E2F34E29200C5A27E /* CoachMe */;
			targetProxy = C9174F992F35B9C200CF7AB2 /* PBXContainerItemProxy */;
		};
		C9174FA92F35BA8000CF7AB2 /* PBXTargetDependency */ = {
			isa = PBXTargetDependency;
			target = C938538E2F34E29200C5A27E /* CoachMe */;
			targetProxy = C9174FA82F35BA8000CF7AB2 /* PBXContainerItemProxy */;
		};
/* End PBXTargetDependency section */

/* Begin XCBuildConfiguration section */
		C9174F9C2F35B9C200CF7AB2 /* Debug */ = {
			isa = XCBuildConfiguration;
			buildSettings = {
				BUNDLE_LOADER = "$(TEST_HOST)";
				CODE_SIGN_STYLE = Automatic;
				CURRENT_PROJECT_VERSION = 1;
				DEVELOPMENT_TEAM = R67735N7V8;
				GENERATE_INFOPLIST_FILE = YES;
				IPHONEOS_DEPLOYMENT_TARGET = 18.0;
				MARKETING_VERSION = 1.0;
				PRODUCT_BUNDLE_IDENTIFIER = "Nimblocity-AI-Labs.CoachMeTests";
				PRODUCT_NAME = "$(TARGET_NAME)";
				STRING_CATALOG_GENERATE_SYMBOLS = NO;
				SWIFT_APPROACHABLE_CONCURRENCY = YES;
				SWIFT_EMIT_LOC_STRINGS = NO;
				SWIFT_UPCOMING_FEATURE_MEMBER_IMPORT_VISIBILITY = YES;
				SWIFT_VERSION = 6.0;
				TARGETED_DEVICE_FAMILY = "1,2";
				TEST_HOST = "$(BUILT_PRODUCTS_DIR)/CoachMe.app/$(BUNDLE_EXECUTABLE_FOLDER_PATH)/CoachMe";
			};
			name = Debug;
		};
		C9174F9D2F35B9C200CF7AB2 /* Release */ = {
			isa = XCBuildConfiguration;
			buildSettings = {
				BUNDLE_LOADER = "$(TEST_HOST)";
				CODE_SIGN_STYLE = Automatic;
				CURRENT_PROJECT_VERSION = 1;
				DEVELOPMENT_TEAM = R67735N7V8;
				GENERATE_INFOPLIST_FILE = YES;
				IPHONEOS_DEPLOYMENT_TARGET = 18.0;
				MARKETING_VERSION = 1.0;
				PRODUCT_BUNDLE_IDENTIFIER = "Nimblocity-AI-Labs.CoachMeTests";
				PRODUCT_NAME = "$(TARGET_NAME)";
				STRING_CATALOG_GENERATE_SYMBOLS = NO;
				SWIFT_APPROACHABLE_CONCURRENCY = YES;
				SWIFT_EMIT_LOC_STRINGS = NO;
				SWIFT_UPCOMING_FEATURE_MEMBER_IMPORT_VISIBILITY = YES;
				SWIFT_VERSION = 6.0;
				TARGETED_DEVICE_FAMILY = "1,2";
				TEST_HOST = "$(BUILT_PRODUCTS_DIR)/CoachMe.app/$(BUNDLE_EXECUTABLE_FOLDER_PATH)/CoachMe";
			};
			name = Release;
		};
		C9174FAB2F35BA8000CF7AB2 /* Debug */ = {
			isa = XCBuildConfiguration;
			buildSettings = {
				CODE_SIGN_STYLE = Automatic;
				CURRENT_PROJECT_VERSION = 1;
				DEVELOPMENT_TEAM = R67735N7V8;
				GENERATE_INFOPLIST_FILE = YES;
				IPHONEOS_DEPLOYMENT_TARGET = 18.0;
				MARKETING_VERSION = 1.0;
				PRODUCT_BUNDLE_IDENTIFIER = "Nimblocity-AI-Labs.CoachMeUITests";
				PRODUCT_NAME = "$(TARGET_NAME)";
				STRING_CATALOG_GENERATE_SYMBOLS = NO;
				SWIFT_APPROACHABLE_CONCURRENCY = YES;
				SWIFT_EMIT_LOC_STRINGS = NO;
				SWIFT_UPCOMING_FEATURE_MEMBER_IMPORT_VISIBILITY = YES;
				SWIFT_VERSION = 6.0;
				TARGETED_DEVICE_FAMILY = "1,2";
				TEST_TARGET_NAME = CoachMe;
			};
			name = Debug;
		};
		C9174FAC2F35BA8000CF7AB2 /* Release */ = {
			isa = XCBuildConfiguration;
			buildSettings = {
				CODE_SIGN_STYLE = Automatic;
				CURRENT_PROJECT_VERSION = 1;
				DEVELOPMENT_TEAM = R67735N7V8;
				GENERATE_INFOPLIST_FILE = YES;
				IPHONEOS_DEPLOYMENT_TARGET = 18.0;
				MARKETING_VERSION = 1.0;
				PRODUCT_BUNDLE_IDENTIFIER = "Nimblocity-AI-Labs.CoachMeUITests";
				PRODUCT_NAME = "$(TARGET_NAME)";
				STRING_CATALOG_GENERATE_SYMBOLS = NO;
				SWIFT_APPROACHABLE_CONCURRENCY = YES;
				SWIFT_EMIT_LOC_STRINGS = NO;
				SWIFT_UPCOMING_FEATURE_MEMBER_IMPORT_VISIBILITY = YES;
				SWIFT_VERSION = 6.0;
				TARGETED_DEVICE_FAMILY = "1,2";
				TEST_TARGET_NAME = CoachMe;
			};
			name = Release;
		};
		C93853982F34E29600C5A27E /* Debug */ = {
			isa = XCBuildConfiguration;
			buildSettings = {
				ALWAYS_SEARCH_USER_PATHS = NO;
				ASSETCATALOG_COMPILER_GENERATE_SWIFT_ASSET_SYMBOL_EXTENSIONS = YES;
				CLANG_ANALYZER_NONNULL = YES;
				CLANG_ANALYZER_NUMBER_OBJECT_CONVERSION = YES_AGGRESSIVE;
				CLANG_CXX_LANGUAGE_STANDARD = "gnu++20";
				CLANG_ENABLE_MODULES = YES;
				CLANG_ENABLE_OBJC_ARC = YES;
				CLANG_ENABLE_OBJC_WEAK = YES;
				CLANG_WARN_BLOCK_CAPTURE_AUTORELEASING = YES;
				CLANG_WARN_BOOL_CONVERSION = YES;
				CLANG_WARN_COMMA = YES;
				CLANG_WARN_CONSTANT_CONVERSION = YES;
				CLANG_WARN_DEPRECATED_OBJC_IMPLEMENTATIONS = YES;
				CLANG_WARN_DIRECT_OBJC_ISA_USAGE = YES_ERROR;
				CLANG_WARN_DOCUMENTATION_COMMENTS = YES;
				CLANG_WARN_EMPTY_BODY = YES;
				CLANG_WARN_ENUM_CONVERSION = YES;
				CLANG_WARN_INFINITE_RECURSION = YES;
				CLANG_WARN_INT_CONVERSION = YES;
				CLANG_WARN_NON_LITERAL_NULL_CONVERSION = YES;
				CLANG_WARN_OBJC_IMPLICIT_RETAIN_SELF = YES;
				CLANG_WARN_OBJC_LITERAL_CONVERSION = YES;
				CLANG_WARN_OBJC_ROOT_CLASS = YES_ERROR;
				CLANG_WARN_QUOTED_INCLUDE_IN_FRAMEWORK_HEADER = YES;
				CLANG_WARN_RANGE_LOOP_ANALYSIS = YES;
				CLANG_WARN_STRICT_PROTOTYPES = YES;
				CLANG_WARN_SUSPICIOUS_MOVE = YES;
				CLANG_WARN_UNGUARDED_AVAILABILITY = YES_AGGRESSIVE;
				CLANG_WARN_UNREACHABLE_CODE = YES;
				CLANG_WARN__DUPLICATE_METHOD_MATCH = YES;
				COPY_PHASE_STRIP = NO;
				DEBUG_INFORMATION_FORMAT = dwarf;
				DEVELOPMENT_TEAM = R67735N7V8;
				ENABLE_STRICT_OBJC_MSGSEND = YES;
				ENABLE_TESTABILITY = YES;
				ENABLE_USER_SCRIPT_SANDBOXING = YES;
				GCC_C_LANGUAGE_STANDARD = gnu17;
				GCC_DYNAMIC_NO_PIC = NO;
				GCC_NO_COMMON_BLOCKS = YES;
				GCC_OPTIMIZATION_LEVEL = 0;
				GCC_PREPROCESSOR_DEFINITIONS = (
					"DEBUG=1",
					"$(inherited)",
				);
				GCC_WARN_64_TO_32_BIT_CONVERSION = YES;
				GCC_WARN_ABOUT_RETURN_TYPE = YES_ERROR;
				GCC_WARN_UNDECLARED_SELECTOR = YES;
				GCC_WARN_UNINITIALIZED_AUTOS = YES_AGGRESSIVE;
				GCC_WARN_UNUSED_FUNCTION = YES;
				GCC_WARN_UNUSED_VARIABLE = YES;
				IPHONEOS_DEPLOYMENT_TARGET = 18.0;
				LOCALIZATION_PREFERS_STRING_CATALOGS = YES;
				MTL_ENABLE_DEBUG_INFO = INCLUDE_SOURCE;
				MTL_FAST_MATH = YES;
				ONLY_ACTIVE_ARCH = YES;
				SDKROOT = iphoneos;
				STRING_CATALOG_GENERATE_SYMBOLS = YES;
				SWIFT_ACTIVE_COMPILATION_CONDITIONS = "DEBUG $(inherited)";
				SWIFT_OPTIMIZATION_LEVEL = "-Onone";
			};
			name = Debug;
		};
		C93853992F34E29600C5A27E /* Release */ = {
			isa = XCBuildConfiguration;
			buildSettings = {
				ALWAYS_SEARCH_USER_PATHS = NO;
				ASSETCATALOG_COMPILER_GENERATE_SWIFT_ASSET_SYMBOL_EXTENSIONS = YES;
				CLANG_ANALYZER_NONNULL = YES;
				CLANG_ANALYZER_NUMBER_OBJECT_CONVERSION = YES_AGGRESSIVE;
				CLANG_CXX_LANGUAGE_STANDARD = "gnu++20";
				CLANG_ENABLE_MODULES = YES;
				CLANG_ENABLE_OBJC_ARC = YES;
				CLANG_ENABLE_OBJC_WEAK = YES;
				CLANG_WARN_BLOCK_CAPTURE_AUTORELEASING = YES;
				CLANG_WARN_BOOL_CONVERSION = YES;
				CLANG_WARN_COMMA = YES;
				CLANG_WARN_CONSTANT_CONVERSION = YES;
				CLANG_WARN_DEPRECATED_OBJC_IMPLEMENTATIONS = YES;
				CLANG_WARN_DIRECT_OBJC_ISA_USAGE = YES_ERROR;
				CLANG_WARN_DOCUMENTATION_COMMENTS = YES;
				CLANG_WARN_EMPTY_BODY = YES;
				CLANG_WARN_ENUM_CONVERSION = YES;
				CLANG_WARN_INFINITE_RECURSION = YES;
				CLANG_WARN_INT_CONVERSION = YES;
				CLANG_WARN_NON_LITERAL_NULL_CONVERSION = YES;
				CLANG_WARN_OBJC_IMPLICIT_RETAIN_SELF = YES;
				CLANG_WARN_OBJC_LITERAL_CONVERSION = YES;
				CLANG_WARN_OBJC_ROOT_CLASS = YES_ERROR;
				CLANG_WARN_QUOTED_INCLUDE_IN_FRAMEWORK_HEADER = YES;
				CLANG_WARN_RANGE_LOOP_ANALYSIS = YES;
				CLANG_WARN_STRICT_PROTOTYPES = YES;
				CLANG_WARN_SUSPICIOUS_MOVE = YES;
				CLANG_WARN_UNGUARDED_AVAILABILITY = YES_AGGRESSIVE;
				CLANG_WARN_UNREACHABLE_CODE = YES;
				CLANG_WARN__DUPLICATE_METHOD_MATCH = YES;
				COPY_PHASE_STRIP = NO;
				DEBUG_INFORMATION_FORMAT = "dwarf-with-dsym";
				DEVELOPMENT_TEAM = R67735N7V8;
				ENABLE_NS_ASSERTIONS = NO;
				ENABLE_STRICT_OBJC_MSGSEND = YES;
				ENABLE_USER_SCRIPT_SANDBOXING = YES;
				GCC_C_LANGUAGE_STANDARD = gnu17;
				GCC_NO_COMMON_BLOCKS = YES;
				GCC_WARN_64_TO_32_BIT_CONVERSION = YES;
				GCC_WARN_ABOUT_RETURN_TYPE = YES_ERROR;
				GCC_WARN_UNDECLARED_SELECTOR = YES;
				GCC_WARN_UNINITIALIZED_AUTOS = YES_AGGRESSIVE;
				GCC_WARN_UNUSED_FUNCTION = YES;
				GCC_WARN_UNUSED_VARIABLE = YES;
				IPHONEOS_DEPLOYMENT_TARGET = 18.0;
				LOCALIZATION_PREFERS_STRING_CATALOGS = YES;
				MTL_ENABLE_DEBUG_INFO = NO;
				MTL_FAST_MATH = YES;
				SDKROOT = iphoneos;
				STRING_CATALOG_GENERATE_SYMBOLS = YES;
				SWIFT_COMPILATION_MODE = wholemodule;
				VALIDATE_PRODUCT = YES;
			};
			name = Release;
		};
		C938539B2F34E29600C5A27E /* Debug */ = {
			isa = XCBuildConfiguration;
			baseConfigurationReference = C9CFD00A2F50A00100000001 /* Debug.xcconfig */;
			buildSettings = {
				ASSETCATALOG_COMPILER_APPICON_NAME = AppIcon;
				ASSETCATALOG_COMPILER_GLOBAL_ACCENT_COLOR_NAME = AccentColor;
				CODE_SIGN_ENTITLEMENTS = CoachMe/CoachMe.entitlements;
				CODE_SIGN_STYLE = Automatic;
				CURRENT_PROJECT_VERSION = 1;
				DEVELOPMENT_TEAM = R67735N7V8;
				ENABLE_PREVIEWS = YES;
				ENABLE_USER_SCRIPT_SANDBOXING = NO;
				GENERATE_INFOPLIST_FILE = YES;
				INFOPLIST_FILE = Info.plist;
				INFOPLIST_KEY_NSMicrophoneUsageDescription = "Coach App needs microphone access to hear your voice when you choose to speak your messages.";
				INFOPLIST_KEY_NSSpeechRecognitionUsageDescription = "Coach App uses speech recognition to transcribe your voice messages so you can speak instead of type.";
				INFOPLIST_KEY_UIApplicationSceneManifest_Generation = YES;
				INFOPLIST_KEY_UIApplicationSupportsIndirectInputEvents = YES;
				INFOPLIST_KEY_UILaunchScreen_Generation = YES;
				INFOPLIST_KEY_UISupportedInterfaceOrientations_iPad = "UIInterfaceOrientationPortrait UIInterfaceOrientationPortraitUpsideDown UIInterfaceOrientationLandscapeLeft UIInterfaceOrientationLandscapeRight";
				INFOPLIST_KEY_UISupportedInterfaceOrientations_iPhone = "UIInterfaceOrientationPortrait UIInterfaceOrientationLandscapeLeft UIInterfaceOrientationLandscapeRight";
				LD_RUNPATH_SEARCH_PATHS = (
					"$(inherited)",
					"@executable_path/Frameworks",
				);
				MARKETING_VERSION = 1.0;
				PRODUCT_BUNDLE_IDENTIFIER = "Nimblocity-AI-Labs.CoachMe";
				PRODUCT_NAME = "$(TARGET_NAME)";
				STRING_CATALOG_GENERATE_SYMBOLS = YES;
				SUPPORTED_PLATFORMS = "iphoneos iphonesimulator";
				SUPPORTS_MACCATALYST = NO;
				SUPPORTS_MAC_DESIGNED_FOR_IPHONE_IPAD = NO;
				SUPPORTS_XR_DESIGNED_FOR_IPHONE_IPAD = NO;
				SWIFT_APPROACHABLE_CONCURRENCY = YES;
				SWIFT_DEFAULT_ACTOR_ISOLATION = MainActor;
				SWIFT_EMIT_LOC_STRINGS = YES;
				SWIFT_UPCOMING_FEATURE_MEMBER_IMPORT_VISIBILITY = YES;
				SWIFT_VERSION = 6.0;
				TARGETED_DEVICE_FAMILY = 1;
			};
			name = Debug;
		};
		C938539C2F34E29600C5A27E /* Release */ = {
			isa = XCBuildConfiguration;
			baseConfigurationReference = C9CFD00B2F50A00100000002 /* Release.xcconfig */;
			buildSettings = {
				ASSETCATALOG_COMPILER_APPICON_NAME = AppIcon;
				ASSETCATALOG_COMPILER_GLOBAL_ACCENT_COLOR_NAME = AccentColor;
				CODE_SIGN_ENTITLEMENTS = CoachMe/CoachMe.entitlements;
				CODE_SIGN_STYLE = Automatic;
				CURRENT_PROJECT_VERSION = 1;
				DEVELOPMENT_TEAM = R67735N7V8;
				ENABLE_PREVIEWS = YES;
				ENABLE_USER_SCRIPT_SANDBOXING = NO;
				GENERATE_INFOPLIST_FILE = YES;
				INFOPLIST_FILE = Info.plist;
				INFOPLIST_KEY_NSMicrophoneUsageDescription = "Coach App needs microphone access to hear your voice when you choose to speak your messages.";
				INFOPLIST_KEY_NSSpeechRecognitionUsageDescription = "Coach App uses speech recognition to transcribe your voice messages so you can speak instead of type.";
				INFOPLIST_KEY_UIApplicationSceneManifest_Generation = YES;
				INFOPLIST_KEY_UIApplicationSupportsIndirectInputEvents = YES;
				INFOPLIST_KEY_UILaunchScreen_Generation = YES;
				INFOPLIST_KEY_UISupportedInterfaceOrientations_iPad = "UIInterfaceOrientationPortrait UIInterfaceOrientationPortraitUpsideDown UIInterfaceOrientationLandscapeLeft UIInterfaceOrientationLandscapeRight";
				INFOPLIST_KEY_UISupportedInterfaceOrientations_iPhone = "UIInterfaceOrientationPortrait UIInterfaceOrientationLandscapeLeft UIInterfaceOrientationLandscapeRight";
				LD_RUNPATH_SEARCH_PATHS = (
					"$(inherited)",
					"@executable_path/Frameworks",
				);
				MARKETING_VERSION = 1.0;
				PRODUCT_BUNDLE_IDENTIFIER = "Nimblocity-AI-Labs.CoachMe";
				PRODUCT_NAME = "$(TARGET_NAME)";
				STRING_CATALOG_GENERATE_SYMBOLS = YES;
				SUPPORTED_PLATFORMS = "iphoneos iphonesimulator";
				SUPPORTS_MACCATALYST = NO;
				SUPPORTS_MAC_DESIGNED_FOR_IPHONE_IPAD = NO;
				SUPPORTS_XR_DESIGNED_FOR_IPHONE_IPAD = NO;
				SWIFT_APPROACHABLE_CONCURRENCY = YES;
				SWIFT_DEFAULT_ACTOR_ISOLATION = MainActor;
				SWIFT_EMIT_LOC_STRINGS = YES;
				SWIFT_UPCOMING_FEATURE_MEMBER_IMPORT_VISIBILITY = YES;
				SWIFT_VERSION = 6.0;
				TARGETED_DEVICE_FAMILY = 1;
			};
			name = Release;
		};
/* End XCBuildConfiguration section */

/* Begin XCConfigurationList section */
		C9174F9B2F35B9C200CF7AB2 /* Build configuration list for PBXNativeTarget "CoachMeTests" */ = {
			isa = XCConfigurationList;
			buildConfigurations = (
				C9174F9C2F35B9C200CF7AB2 /* Debug */,
				C9174F9D2F35B9C200CF7AB2 /* Release */,
			);
			defaultConfigurationIsVisible = 0;
			defaultConfigurationName = Release;
		};
		C9174FAA2F35BA8000CF7AB2 /* Build configuration list for PBXNativeTarget "CoachMeUITests" */ = {
			isa = XCConfigurationList;
			buildConfigurations = (
				C9174FAB2F35BA8000CF7AB2 /* Debug */,
				C9174FAC2F35BA8000CF7AB2 /* Release */,
			);
			defaultConfigurationIsVisible = 0;
			defaultConfigurationName = Release;
		};
		C938538A2F34E29200C5A27E /* Build configuration list for PBXProject "CoachMe" */ = {
			isa = XCConfigurationList;
			buildConfigurations = (
				C93853982F34E29600C5A27E /* Debug */,
				C93853992F34E29600C5A27E /* Release */,
			);
			defaultConfigurationIsVisible = 0;
			defaultConfigurationName = Release;
		};
		C938539A2F34E29600C5A27E /* Build configuration list for PBXNativeTarget "CoachMe" */ = {
			isa = XCConfigurationList;
			buildConfigurations = (
				C938539B2F34E29600C5A27E /* Debug */,
				C938539C2F34E29600C5A27E /* Release */,
			);
			defaultConfigurationIsVisible = 0;
			defaultConfigurationName = Release;
		};
/* End XCConfigurationList section */

/* Begin XCRemoteSwiftPackageReference section */
		REVENUECAT012F35000000000002 /* XCRemoteSwiftPackageReference "purchases-ios" */ = {
			isa = XCRemoteSwiftPackageReference;
			repositoryURL = "https://github.com/RevenueCat/purchases-ios.git";
			requirement = {
				kind = upToNextMajorVersion;
				minimumVersion = 5.0.0;
			};
		};
		SENTRY0000012F35000000000003 /* XCRemoteSwiftPackageReference "sentry-cocoa" */ = {
			isa = XCRemoteSwiftPackageReference;
			repositoryURL = "https://github.com/getsentry/sentry-cocoa.git";
			requirement = {
				kind = upToNextMajorVersion;
				minimumVersion = 8.0.0;
			};
		};
		SUPABASE00012F35000000000001 /* XCRemoteSwiftPackageReference "supabase-swift" */ = {
			isa = XCRemoteSwiftPackageReference;
			repositoryURL = "https://github.com/supabase/supabase-swift.git";
			requirement = {
				kind = upToNextMajorVersion;
				minimumVersion = 2.39.0;
			};
		};
/* End XCRemoteSwiftPackageReference section */

/* Begin XCSwiftPackageProductDependency section */
		REVENUECAT022F35000000000005 /* RevenueCat */ = {
			isa = XCSwiftPackageProductDependency;
			package = REVENUECAT012F35000000000002 /* XCRemoteSwiftPackageReference "purchases-ios" */;
			productName = RevenueCat;
		};
		SENTRY0000022F35000000000006 /* Sentry */ = {
			isa = XCSwiftPackageProductDependency;
			package = SENTRY0000012F35000000000003 /* XCRemoteSwiftPackageReference "sentry-cocoa" */;
			productName = Sentry;
		};
		SUPABASE00022F35000000000004 /* Supabase */ = {
			isa = XCSwiftPackageProductDependency;
			package = SUPABASE00012F35000000000001 /* XCRemoteSwiftPackageReference "supabase-swift" */;
			productName = Supabase;
		};
/* End XCSwiftPackageProductDependency section */
	};
	rootObject = C93853872F34E29200C5A27E /* Project object */;
}
